
Microsoft Visual Studio Solution File, Format Version 12.00
# Visual Studio Version 16
VisualStudioVersion = 16.0.30804.86
MinimumVisualStudioVersion = 10.0.40219.1
Project("{FAE04EC0-301F-11D3-BF4B-00C04F79EFBC}") = "ProjektOMEGA", "ProjektOMEGA\ProjektOMEGA.csproj", "{4C6B231B-00F9-4521-AC03-87BA3D304826}"
EndProject
Global
	GlobalSection(SolutionConfigurationPlatforms) = preSolution
		Debug|Any CPU = Debug|Any CPU
		Release|Any CPU = Release|Any CPU
	EndGlobalSection
	GlobalSection(ProjectConfigurationPlatforms) = postSolution
		{4C6B231B-00F9-4521-AC03-87BA3D304826}.Debug|Any CPU.ActiveCfg = Debug|Any CPU
		{4C6B231B-00F9-4521-AC03-87BA3D304826}.Debug|Any CPU.Build.0 = Debug|Any CPU
		{4C6B231B-00F9-4521-AC03-87BA3D304826}.Release|Any CPU.ActiveCfg = Release|Any CPU
		{4C6B231B-00F9-4521-AC03-87BA3D304826}.Release|Any CPU.Build.0 = Release|Any CPU
	EndGlobalSection
	GlobalSection(SolutionProperties) = preSolution
		HideSolutionNode = FALSE
	EndGlobalSection
	GlobalSection(ExtensibilityGlobals) = postSolution
		SolutionGuid = {882FFD07-954C-40EC-A9DE-B39C45AEEBD5}
	EndGlobalSection
EndGlobal
